
Microsoft Visual Studio Solution File, Format Version 12.00
# Visual Studio Version 16
VisualStudioVersion = 16.0.31729.503
MinimumVisualStudioVersion = 10.0.40219.1
Project("{FAE04EC0-301F-11D3-BF4B-00C04F79EFBC}") = "kratos", "kratos\kratos.csproj", "{39EF33F2-6EA7-4DF3-BFA1-3C7243C44603}"
EndProject
Global
	GlobalSection(SolutionConfigurationPlatforms) = preSolution
		Debug|Any CPU = Debug|Any CPU
		Release|Any CPU = Release|Any CPU
	EndGlobalSection
	GlobalSection(ProjectConfigurationPlatforms) = postSolution
		{39EF33F2-6EA7-4DF3-BFA1-3C7243C44603}.Debug|Any CPU.ActiveCfg = Debug|Any CPU
		{39EF33F2-6EA7-4DF3-BFA1-3C7243C44603}.Debug|Any CPU.Build.0 = Debug|Any CPU
		{39EF33F2-6EA7-4DF3-BFA1-3C7243C44603}.Release|Any CPU.ActiveCfg = Release|Any CPU
		{39EF33F2-6EA7-4DF3-BFA1-3C7243C44603}.Release|Any CPU.Build.0 = Release|Any CPU
	EndGlobalSection
	GlobalSection(SolutionProperties) = preSolution
		HideSolutionNode = FALSE
	EndGlobalSection
	GlobalSection(ExtensibilityGlobals) = postSolution
		SolutionGuid = {6A3876D4-9679-4122-AA99-835D34FDDB9F}
	EndGlobalSection
EndGlobal
